// !$*UTF8*$!
{
	archiveVersion = 1;
	classes = {
	};
	objectVersion = 46;
	objects = {

/* Begin PBXBuildFile section */
		E4C090761B2C1F6700EDB52C /* main.m in Sources */ = {isa = PBXBuildFile; fileRef = E4C090751B2C1F6700EDB52C /* main.m */; };
		E4C090791B2C1F6700EDB52C /* AppDelegate.m in Sources */ = {isa = PBXBuildFile; fileRef = E4C090781B2C1F6700EDB52C /* AppDelegate.m */; };
		E4C0907C1B2C1F6700EDB52C /* ViewController.m in Sources */ = {isa = PBXBuildFile; fileRef = E4C0907B1B2C1F6700EDB52C /* ViewController.m */; };
		E4C0907F1B2C1F6700EDB52C /* Main.storyboard in Resources */ = {isa = PBXBuildFile; fileRef = E4C0907D1B2C1F6700EDB52C /* Main.storyboard */; };
		E4C090811B2C1F6700EDB52C /* Images.xcassets in Resources */ = {isa = PBXBuildFile; fileRef = E4C090801B2C1F6700EDB52C /* Images.xcassets */; };
		E4C090841B2C1F6700EDB52C /* LaunchScreen.xib in Resources */ = {isa = PBXBuildFile; fileRef = E4C090821B2C1F6700EDB52C /* LaunchScreen.xib */; };
		E4C090901B2C1F6800EDB52C /* ZZDateUseTests.m in Sources */ = {isa = PBXBuildFile; fileRef = E4C0908F1B2C1F6700EDB52C /* ZZDateUseTests.m */; };
/* End PBXBuildFile section */

/* Begin PBXContainerItemProxy section */
		E4C0908A1B2C1F6700EDB52C /* PBXContainerItemProxy */ = {
			isa = PBXContainerItemProxy;
			containerPortal = E4C090681B2C1F6700EDB52C /* Project object */;
			proxyType = 1;
			remoteGlobalIDString = E4C0906F1B2C1F6700EDB52C;
			remoteInfo = ZZDateUse;
		};
/* End PBXContainerItemProxy section */

/* Begin PBXFileReference section */
		E4C090701B2C1F6700EDB52C /* ZZDateUse.app */ = {isa = PBXFileReference; explicitFileType = wrapper.application; includeInIndex = 0; path = ZZDateUse.app; sourceTree = BUILT_PRODUCTS_DIR; };
		E4C090741B2C1F6700EDB52C /* Info.plist */ = {isa = PBXFileReference; lastKnownFileType = text.plist.xml; path = Info.plist; sourceTree = "<group>"; };
		E4C090751B2C1F6700EDB52C /* main.m */ = {isa = PBXFileReference; lastKnownFileType = sourcecode.c.objc; path = main.m; sourceTree = "<group>"; };
		E4C090771B2C1F6700EDB52C /* AppDelegate.h */ = {isa = PBXFileReference; lastKnownFileType = sourcecode.c.h; path = AppDelegate.h; sourceTree = "<group>"; };
		E4C090781B2C1F6700EDB52C /* AppDelegate.m */ = {isa = PBXFileReference; lastKnownFileType = sourcecode.c.objc; path = AppDelegate.m; sourceTree = "<group>"; };
		E4C0907A1B2C1F6700EDB52C /* ViewController.h */ = {isa = PBXFileReference; lastKnownFileType = sourcecode.c.h; path = ViewController.h; sourceTree = "<group>"; };
		E4C0907B1B2C1F6700EDB52C /* ViewController.m */ = {isa = PBXFileReference; lastKnownFileType = sourcecode.c.objc; path = ViewController.m; sourceTree = "<group>"; };
		E4C0907E1B2C1F6700EDB52C /* Base */ = {isa = PBXFileReference; lastKnownFileType = file.storyboard; name = Base; path = Base.lproj/Main.storyboard; sourceTree = "<group>"; };
		E4C090801B2C1F6700EDB52C /* Images.xcassets */ = {isa = PBXFileReference; lastKnownFileType = folder.assetcatalog; path = Images.xcassets; sourceTree = "<group>"; };
		E4C090831B2C1F6700EDB52C /* Base */ = {isa = PBXFileReference; lastKnownFileType = file.xib; name = Base; path = Base.lproj/LaunchScreen.xib; sourceTree = "<group>"; };
		E4C090891B2C1F6700EDB52C /* ZZDateUseTests.xctest */ = {isa = PBXFileReference; explicitFileType = wrapper.cfbundle; includeInIndex = 0; path = ZZDateUseTests.xctest; sourceTree = BUILT_PRODUCTS_DIR; };
		E4C0908E1B2C1F6700EDB52C /* Info.plist */ = {isa = PBXFileReference; lastKnownFileType = text.plist.xml; path = Info.plist; sourceTree = "<group>"; };
		E4C0908F1B2C1F6700EDB52C /* ZZDateUseTests.m */ = {isa = PBXFileReference; lastKnownFileType = sourcecode.c.objc; path = ZZDateUseTests.m; sourceTree = "<group>"; };
/* End PBXFileReference section */

/* Begin PBXFrameworksBuildPhase section */
		E4C0906D1B2C1F6700EDB52C /* Frameworks */ = {
			isa = PBXFrameworksBuildPhase;
			buildActionMask = 2147483647;
			files = (
			);
			runOnlyForDeploymentPostprocessing = 0;
		};
		E4C090861B2C1F6700EDB52C /* Frameworks */ = {
			isa = PBXFrameworksBuildPhase;
			buildActionMask = 2147483647;
			files = (
			);
			runOnlyForDeploymentPostprocessing = 0;
		};
/* End PBXFrameworksBuildPhase section */

/* Begin PBXGroup section */
		E4C090671B2C1F6700EDB52C = {
			isa = PBXGroup;
			children = (
				E4C090721B2C1F6700EDB52C /* ZZDateUse */,
				E4C0908C1B2C1F6700EDB52C /* ZZDateUseTests */,
				E4C090711B2C1F6700EDB52C /* Products */,
			);
			sourceTree = "<group>";
		};
		E4C090711B2C1F6700EDB52C /* Products */ = {
			isa = PBXGroup;
			children = (
				E4C090701B2C1F6700EDB52C /* ZZDateUse.app */,
				E4C090891B2C1F6700EDB52C /* ZZDateUseTests.xctest */,
			);
			name = Products;
			sourceTree = "<group>";
		};
		E4C090721B2C1F6700EDB52C /* ZZDateUse */ = {
			isa = PBXGroup;
			children = (
				E4C090771B2C1F6700EDB52C /* AppDelegate.h */,
				E4C090781B2C1F6700EDB52C /* AppDelegate.m */,
				E4C0907A1B2C1F6700EDB52C /* ViewController.h */,
				E4C0907B1B2C1F6700EDB52C /* ViewController.m */,
				E4C0907D1B2C1F6700EDB52C /* Main.storyboard */,
				E4C090801B2C1F6700EDB52C /* Images.xcassets */,
				E4C090821B2C1F6700EDB52C /* LaunchScreen.xib */,
				E4C090731B2C1F6700EDB52C /* Supporting Files */,
			);
			path = ZZDateUse;
			sourceTree = "<group>";
		};
		E4C090731B2C1F6700EDB52C /* Supporting Files */ = {
			isa = PBXGroup;
			children = (
				E4C090741B2C1F6700EDB52C /* Info.plist */,
				E4C090751B2C1F6700EDB52C /* main.m */,
			);
			name = "Supporting Files";
			sourceTree = "<group>";
		};
		E4C0908C1B2C1F6700EDB52C /* ZZDateUseTests */ = {
			isa = PBXGroup;
			children = (
				E4C0908F1B2C1F6700EDB52C /* ZZDateUseTests.m */,
				E4C0908D1B2C1F6700EDB52C /* Supporting Files */,
			);
			path = ZZDateUseTests;
			sourceTree = "<group>";
		};
		E4C0908D1B2C1F6700EDB52C /* Supporting Files */ = {
			isa = PBXGroup;
			children = (
				E4C0908E1B2C1F6700EDB52C /* Info.plist */,
			);
			name = "Supporting Files";
			sourceTree = "<group>";
		};
/* End PBXGroup section */

/* Begin PBXNativeTarget section */
		E4C0906F1B2C1F6700EDB52C /* ZZDateUse */ = {
			isa = PBXNativeTarget;
			buildConfigurationList = E4C090931B2C1F6800EDB52C /* Build configuration list for PBXNativeTarget "ZZDateUse" */;
			buildPhases = (
				E4C0906C1B2C1F6700EDB52C /* Sources */,
				E4C0906D1B2C1F6700EDB52C /* Frameworks */,
				E4C0906E1B2C1F6700EDB52C /* Resources */,
			);
			buildRules = (
			);
			dependencies = (
			);
			name = ZZDateUse;
			productName = ZZDateUse;
			productReference = E4C090701B2C1F6700EDB52C /* ZZDateUse.app */;
			productType = "com.apple.product-type.application";
		};
		E4C090881B2C1F6700EDB52C /* ZZDateUseTests */ = {
			isa = PBXNativeTarget;
			buildConfigurationList = E4C090961B2C1F6800EDB52C /* Build configuration list for PBXNativeTarget "ZZDateUseTests" */;
			buildPhases = (
				E4C090851B2C1F6700EDB52C /* Sources */,
				E4C090861B2C1F6700EDB52C /* Frameworks */,
				E4C090871B2C1F6700EDB52C /* Resources */,
			);
			buildRules = (
			);
			dependencies = (
				E4C0908B1B2C1F6700EDB52C /* PBXTargetDependency */,
			);
			name = ZZDateUseTests;
			productName = ZZDateUseTests;
			productReference = E4C090891B2C1F6700EDB52C /* ZZDateUseTests.xctest */;
			productType = "com.apple.product-type.bundle.unit-test";
		};
/* End PBXNativeTarget section */

/* Begin PBXProject section */
		E4C090681B2C1F6700EDB52C /* Project object */ = {
			isa = PBXProject;
			attributes = {
				LastUpgradeCheck = 0630;
				ORGANIZATIONNAME = zezefamily;
				TargetAttributes = {
					E4C0906F1B2C1F6700EDB52C = {
						CreatedOnToolsVersion = 6.3;
					};
					E4C090881B2C1F6700EDB52C = {
						CreatedOnToolsVersion = 6.3;
						TestTargetID = E4C0906F1B2C1F6700EDB52C;
					};
				};
			};
			buildConfigurationList = E4C0906B1B2C1F6700EDB52C /* Build configuration list for PBXProject "ZZDateUse" */;
			compatibilityVersion = "Xcode 3.2";
			developmentRegion = English;
			hasScannedForEncodings = 0;
			knownRegions = (
				en,
				Base,
			);
			mainGroup = E4C090671B2C1F6700EDB52C;
			productRefGroup = E4C090711B2C1F6700EDB52C /* Products */;
			projectDirPath = "";
			projectRoot = "";
			targets = (
				E4C0906F1B2C1F6700EDB52C /* ZZDateUse */,
				E4C090881B2C1F6700EDB52C /* ZZDateUseTests */,
			);
		};
/* End PBXProject section */

/* Begin PBXResourcesBuildPhase section */
		E4C0906E1B2C1F6700EDB52C /* Resources */ = {
			isa = PBXResourcesBuildPhase;
			buildActionMask = 2147483647;
			files = (
				E4C0907F1B2C1F6700EDB52C /* Main.storyboard in Resources */,
				E4C090841B2C1F6700EDB52C /* LaunchScreen.xib in Resources */,
				E4C090811B2C1F6700EDB52C /* Images.xcassets in Resources */,
			);
			runOnlyForDeploymentPostprocessing = 0;
		};
		E4C090871B2C1F6700EDB52C /* Resources */ = {
			isa = PBXResourcesBuildPhase;
			buildActionMask = 2147483647;
			files = (
			);
			runOnlyForDeploymentPostprocessing = 0;
		};
/* End PBXResourcesBuildPhase section */

/* Begin PBXSourcesBuildPhase section */
		E4C0906C1B2C1F6700EDB52C /* Sources */ = {
			isa = PBXSourcesBuildPhase;
			buildActionMask = 2147483647;
			files = (
				E4C0907C1B2C1F6700EDB52C /* ViewController.m in Sources */,
				E4C090791B2C1F6700EDB52C /* AppDelegate.m in Sources */,
				E4C090761B2C1F6700EDB52C /* main.m in Sources */,
			);
			runOnlyForDeploymentPostprocessing = 0;
		};
		E4C090851B2C1F6700EDB52C /* Sources */ = {
			isa = PBXSourcesBuildPhase;
			buildActionMask = 2147483647;
			files = (
				E4C090901B2C1F6800EDB52C /* ZZDateUseTests.m in Sources */,
			);
			runOnlyForDeploymentPostprocessing = 0;
		};
/* End PBXSourcesBuildPhase section */

/* Begin PBXTargetDependency section */
		E4C0908B1B2C1F6700EDB52C /* PBXTargetDependency */ = {
			isa = PBXTargetDependency;
			target = E4C0906F1B2C1F6700EDB52C /* ZZDateUse */;
			targetProxy = E4C0908A1B2C1F6700EDB52C /* PBXContainerItemProxy */;
		};
/* End PBXTargetDependency section */

/* Begin PBXVariantGroup section */
		E4C0907D1B2C1F6700EDB52C /* Main.storyboard */ = {
			isa = PBXVariantGroup;
			children = (
				E4C0907E1B2C1F6700EDB52C /* Base */,
			);
			name = Main.storyboard;
			sourceTree = "<group>";
		};
		E4C090821B2C1F6700EDB52C /* LaunchScreen.xib */ = {
			isa = PBXVariantGroup;
			children = (
				E4C090831B2C1F6700EDB52C /* Base */,
			);
			name = LaunchScreen.xib;
			sourceTree = "<group>";
		};
/* End PBXVariantGroup section */

/* Begin XCBuildConfiguration section */
		E4C090911B2C1F6800EDB52C /* Debug */ = {
			isa = XCBuildConfiguration;
			buildSettings = {
				ALWAYS_SEARCH_USER_PATHS = NO;
				CLANG_CXX_LANGUAGE_STANDARD = "gnu++0x";
				CLANG_CXX_LIBRARY = "libc++";
				CLANG_ENABLE_MODULES = YES;
				CLANG_ENABLE_OBJC_ARC = YES;
				CLANG_WARN_BOOL_CONVERSION = YES;
				CLANG_WARN_CONSTANT_CONVERSION = YES;
				CLANG_WARN_DIRECT_OBJC_ISA_USAGE = YES_ERROR;
				CLANG_WARN_EMPTY_BODY = YES;
				CLANG_WARN_ENUM_CONVERSION = YES;
				CLANG_WARN_INT_CONVERSION = YES;
				CLANG_WARN_OBJC_ROOT_CLASS = YES_ERROR;
				CLANG_WARN_UNREACHABLE_CODE = YES;
				CLANG_WARN__DUPLICATE_METHOD_MATCH = YES;
				"CODE_SIGN_IDENTITY[sdk=iphoneos*]" = "iPhone Developer";
				COPY_PHASE_STRIP = NO;
				DEBUG_INFORMATION_FORMAT = "dwarf-with-dsym";
				ENABLE_STRICT_OBJC_MSGSEND = YES;
				GCC_C_LANGUAGE_STANDARD = gnu99;
				GCC_DYNAMIC_NO_PIC = NO;
				GCC_NO_COMMON_BLOCKS = YES;
				GCC_OPTIMIZATION_LEVEL = 0;
				GCC_PREPROCESSOR_DEFINITIONS = (
					"DEBUG=1",
					"$(inherited)",
				);
				GCC_SYMBOLS_PRIVATE_EXTERN = NO;
				GCC_WARN_64_TO_32_BIT_CONVERSION = YES;
				GCC_WARN_ABOUT_RETURN_TYPE = YES_ERROR;
				GCC_WARN_UNDECLARED_SELECTOR = YES;
				GCC_WARN_UNINITIALIZED_AUTOS = YES_AGGRESSIVE;
				GCC_WARN_UNUSED_FUNCTION = YES;
				GCC_WARN_UNUSED_VARIABLE = YES;
				IPHONEOS_DEPLOYMENT_TARGET = 8.3;
				MTL_ENABLE_DEBUG_INFO = YES;
				ONLY_ACTIVE_ARCH = YES;
				SDKROOT = iphoneos;
			};
			name = Debug;
		};
		E4C090921B2C1F6800EDB52C /* Release */ = {
			isa = XCBuildConfiguration;
			buildSettings = {
				ALWAYS_SEARCH_USER_PATHS = NO;
				CLANG_CXX_LANGUAGE_STANDARD = "gnu++0x";
				CLANG_CXX_LIBRARY = "libc++";
				CLANG_ENABLE_MODULES = YES;
				CLANG_ENABLE_OBJC_ARC = YES;
				CLANG_WARN_BOOL_CONVERSION = YES;
				CLANG_WARN_CONSTANT_CONVERSION = YES;
				CLANG_WARN_DIRECT_OBJC_ISA_USAGE = YES_ERROR;
				CLANG_WARN_EMPTY_BODY = YES;
				CLANG_WARN_ENUM_CONVERSION = YES;
				CLANG_WARN_INT_CONVERSION = YES;
				CLANG_WARN_OBJC_ROOT_CLASS = YES_ERROR;
				CLANG_WARN_UNREACHABLE_CODE = YES;
				CLANG_WARN__DUPLICATE_METHOD_MATCH = YES;
				"CODE_SIGN_IDENTITY[sdk=iphoneos*]" = "iPhone Developer";
				COPY_PHASE_STRIP = NO;
				DEBUG_INFORMATION_FORMAT = "dwarf-with-dsym";
				ENABLE_NS_ASSERTIONS = NO;
				ENABLE_STRICT_OBJC_MSGSEND = YES;
				GCC_C_LANGUAGE_STANDARD = gnu99;
				GCC_NO_COMMON_BLOCKS = YES;
				GCC_WARN_64_TO_32_BIT_CONVERSION = YES;
				GCC_WARN_ABOUT_RETURN_TYPE = YES_ERROR;
				GCC_WARN_UNDECLARED_SELECTOR = YES;
				GCC_WARN_UNINITIALIZED_AUTOS = YES_AGGRESSIVE;
				GCC_WARN_UNUSED_FUNCTION = YES;
				GCC_WARN_UNUSED_VARIABLE = YES;
				IPHONEOS_DEPLOYMENT_TARGET = 8.3;
				MTL_ENABLE_DEBUG_INFO = NO;
				SDKROOT = iphoneos;
				VALIDATE_PRODUCT = YES;
			};
			name = Release;
		};
		E4C090941B2C1F6800EDB52C /* Debug */ = {
			isa = XCBuildConfiguration;
			buildSettings = {
				ASSETCATALOG_COMPILER_APPICON_NAME = AppIcon;
				INFOPLIST_FILE = ZZDateUse/Info.plist;
				LD_RUNPATH_SEARCH_PATHS = "$(inherited) @executable_path/Frameworks";
				PRODUCT_NAME = "$(TARGET_NAME)";
			};
			name = Debug;
		};
		E4C090951B2C1F6800EDB52C /* Release */ = {
			isa = XCBuildConfiguration;
			buildSettings = {
				ASSETCATALOG_COMPILER_APPICON_NAME = AppIcon;
				INFOPLIST_FILE = ZZDateUse/Info.plist;
				LD_RUNPATH_SEARCH_PATHS = "$(inherited) @executable_path/Frameworks";
				PRODUCT_NAME = "$(TARGET_NAME)";
			};
			name = Release;
		};
		E4C090971B2C1F6800EDB52C /* Debug */ = {
			isa = XCBuildConfiguration;
			buildSettings = {
				BUNDLE_LOADER = "$(TEST_HOST)";
				FRAMEWORK_SEARCH_PATHS = (
					"$(SDKROOT)/Developer/Library/Frameworks",
					"$(inherited)",
				);
				GCC_PREPROCESSOR_DEFINITIONS = (
					"DEBUG=1",
					"$(inherited)",
				);
				INFOPLIST_FILE = ZZDateUseTests/Info.plist;
				LD_RUNPATH_SEARCH_PATHS = "$(inherited) @executable_path/Frameworks @loader_path/Frameworks";
				PRODUCT_NAME = "$(TARGET_NAME)";
				TEST_HOST = "$(BUILT_PRODUCTS_DIR)/ZZDateUse.app/ZZDateUse";
			};
			name = Debug;
		};
		E4C090981B2C1F6800EDB52C /* Release */ = {
			isa = XCBuildConfiguration;
			buildSettings = {
				BUNDLE_LOADER = "$(TEST_HOST)";
				FRAMEWORK_SEARCH_PATHS = (
					"$(SDKROOT)/Developer/Library/Frameworks",
					"$(inherited)",
				);
				INFOPLIST_FILE = ZZDateUseTests/Info.plist;
				LD_RUNPATH_SEARCH_PATHS = "$(inherited) @executable_path/Frameworks @loader_path/Frameworks";
				PRODUCT_NAME = "$(TARGET_NAME)";
				TEST_HOST = "$(BUILT_PRODUCTS_DIR)/ZZDateUse.app/ZZDateUse";
			};
			name = Release;
		};
/* End XCBuildConfiguration section */

/* Begin XCConfigurationList section */
		E4C0906B1B2C1F6700EDB52C /* Build configuration list for PBXProject "ZZDateUse" */ = {
			isa = XCConfigurationList;
			buildConfigurations = (
				E4C090911B2C1F6800EDB52C /* Debug */,
				E4C090921B2C1F6800EDB52C /* Release */,
			);
			defaultConfigurationIsVisible = 0;
			defaultConfigurationName = Release;
		};
		E4C090931B2C1F6800EDB52C /* Build configuration list for PBXNativeTarget "ZZDateUse" */ = {
			isa = XCConfigurationList;
			buildConfigurations = (
				E4C090941B2C1F6800EDB52C /* Debug */,
				E4C090951B2C1F6800EDB52C /* Release */,
			);
			defaultConfigurationIsVisible = 0;
		};
		E4C090961B2C1F6800EDB52C /* Build configuration list for PBXNativeTarget "ZZDateUseTests" */ = {
			isa = XCConfigurationList;
			buildConfigurations = (
				E4C090971B2C1F6800EDB52C /* Debug */,
				E4C090981B2C1F6800EDB52C /* Release */,
			);
			defaultConfigurationIsVisible = 0;
		};
/* End XCConfigurationList section */
	};
	rootObject = E4C090681B2C1F6700EDB52C /* Project object */;
}
